<?xml version="1.0" encoding="utf-8"?>
<Project ToolsVersion="4.0" xmlns="http://schemas.microsoft.com/developer/msbuild/2003">
  <ItemGroup>
    <Filter Include="Source Files">
      <UniqueIdentifier>{4FC737F1-C7A5-4376-A066-2A32D752A2FF}</UniqueIdentifier>
      <Extensions>cpp;c;cc;cxx;c++;cppm;ixx;def;odl;idl;hpj;bat;asm;asmx</Extensions>
    </Filter>
    <Filter Include="Header Files">
      <UniqueIdentifier>{93995380-89BD-4b04-88EB-625FBE52EBFB}</UniqueIdentifier>
      <Extensions>h;hh;hpp;hxx;h++;hm;inl;inc;ipp;xsd</Extensions>
    </Filter>
    <Filter Include="Resource Files">
      <UniqueIdentifier>{67DA6AB6-F800-4c08-8B7A-83BB121AAD01}</UniqueIdentifier>
      <Extensions>rc;ico;cur;bmp;dlg;rc2;rct;bin;rgs;gif;jpg;jpeg;jpe;resx;tiff;tif;png;wav;mfcribbon-ms</Extensions>
    </Filter>
  </ItemGroup>
  <ItemGroup>
    <ClCompile Include="src\main.cpp">
      <Filter>Source Files</Filter>
    </ClCompile>
    <ClCompile Include="src\Utils\Globals.ixx">
      <Filter>Source Files</Filter>
    </ClCompile>
    <ClCompile Include="src\Rendering\Window\Window.ixx">
      <Filter>Source Files</Filter>
    </ClCompile>
    <ClCompile Include="src\Rendering\Window\Window.cpp">
      <Filter>Source Files</Filter>
    </ClCompile>
    <ClCompile Include="src\Game\Game.ixx">
      <Filter>Source Files</Filter>
    </ClCompile>
    <ClCompile Include="src\Game\Game.cpp">
      <Filter>Source Files</Filter>
    </ClCompile>
    <ClCompile Include="src\Core\ECS\EntityManager.ixx">
      <Filter>Source Files</Filter>
    </ClCompile>
    <ClCompile Include="src\Core\ECS\ComponentManager.ixx">
      <Filter>Source Files</Filter>
    </ClCompile>
    <ClCompile Include="src\Core\ECS\SystemManager.ixx">
      <Filter>Source Files</Filter>
    </ClCompile>
    <ClCompile Include="src\Core\ECS\Engine.ixx">
      <Filter>Source Files</Filter>
    </ClCompile>
    <ClCompile Include="src\Core\ECS\EventManager.ixx">
      <Filter>Source Files</Filter>
    </ClCompile>
    <ClCompile Include="src\Systems\RenderingSystem.ixx">
      <Filter>Source Files</Filter>
    </ClCompile>
    <ClCompile Include="src\Systems\InputSystem.ixx">
      <Filter>Source Files</Filter>
    </ClCompile>
    <ClCompile Include="src\Events\InputEvents.ixx">
      <Filter>Source Files</Filter>
    </ClCompile>
    <ClCompile Include="src\Systems\MovementSystem.ixx">
      <Filter>Source Files</Filter>
    </ClCompile>
    <ClCompile Include="src\Events\MovementEvent.ixx">
      <Filter>Source Files</Filter>
    </ClCompile>
    <ClCompile Include="src\Game\World.ixx">
      <Filter>Source Files</Filter>
    </ClCompile>
    <ClCompile Include="src\Components\PlayerComponent.ixx">
      <Filter>Source Files</Filter>
    </ClCompile>
    <ClCompile Include="src\Components\RenderableComponent.ixx">
      <Filter>Source Files</Filter>
    </ClCompile>
    <ClCompile Include="src\Components\TransformComponent.ixx">
      <Filter>Source Files</Filter>
    </ClCompile>
    <ClCompile Include="src\Components\ActorComponent.ixx">
      <Filter>Source Files</Filter>
    </ClCompile>
    <ClCompile Include="src\Components\MeshComponent.ixx">
      <Filter>Source Files</Filter>
    </ClCompile>
    <ClCompile Include="src\Components\TileGridComponent.ixx">
      <Filter>Source Files</Filter>
    </ClCompile>
    <ClCompile Include="src\Utils\Startup.ixx">
      <Filter>Source Files</Filter>
    </ClCompile>
    <ClCompile Include="src\Rendering\Model\Model.ixx">
      <Filter>Source Files</Filter>
    </ClCompile>
    <ClCompile Include="src\Rendering\Model\ModelManager.ixx">
      <Filter>Source Files</Filter>
    </ClCompile>
    <ClCompile Include="src\Rendering\Shader\ShaderManager.ixx">
      <Filter>Source Files</Filter>
    </ClCompile>
    <ClCompile Include="src\Events\CameraEvents.ixx">
      <Filter>Source Files</Filter>
    </ClCompile>
    <ClCompile Include="src\Components\TerrainMeshComponent.ixx">
      <Filter>Source Files</Filter>
    </ClCompile>
    <ClCompile Include="src\Components\HeightmapComponent.ixx">
      <Filter>Source Files</Filter>
    </ClCompile>
    <ClCompile Include="src\Components\PositionComponent.ixx">
      <Filter>Source Files</Filter>
    </ClCompile>
    <ClCompile Include="src\Systems\TerrainRenderingSystem.ixx">
      <Filter>Source Files</Filter>
    </ClCompile>
  </ItemGroup>
  <ItemGroup>
    <Image Include="Assets\Textures\wall.bmp">
      <Filter>Resource Files</Filter>
    </Image>
    <Image Include="Assets\Textures\grass.bmp">
      <Filter>Resource Files</Filter>
    </Image>
    <Image Include="Assets\Effects\blood.bmp">
      <Filter>Resource Files</Filter>
    </Image>
    <Image Include="Assets\Textures\dirt.bmp">
      <Filter>Resource Files</Filter>
    </Image>
    <Image Include="Assets\Textures\grass_tile.bmp">
      <Filter>Resource Files</Filter>
    </Image>
  </ItemGroup>
  <ItemGroup>
    <None Include="src\Rendering\Shader\Shaders\VertexShader.glsl" />
    <None Include="src\Rendering\Shader\Shaders\FragmentShader.glsl" />
  </ItemGroup>
</Project>